
Microsoft Visual Studio Solution File, Format Version 12.00
# Visual Studio Version 16
VisualStudioVersion = 16.0.30330.147
MinimumVisualStudioVersion = 10.0.40219.1
Project("{9A19103F-16F7-4668-BE54-9A1E7A4F7556}") = "Code", "Code\Code.csproj", "{89EECB37-8F3A-4629-8924-9D2960FF8A2C}"
EndProject
Project("{FAE04EC0-301F-11D3-BF4B-00C04F79EFBC}") = "Code.Tests", "Code.Tests\Code.Tests.csproj", "{60DCCC5E-11B6-4412-9EA5-4EBA9CB24B59}"
EndProject
Global
	GlobalSection(SolutionConfigurationPlatforms) = preSolution
		Debug|Any CPU = Debug|Any CPU
		Release|Any CPU = Release|Any CPU
	EndGlobalSection
	GlobalSection(ProjectConfigurationPlatforms) = postSolution
		{89EECB37-8F3A-4629-8924-9D2960FF8A2C}.Debug|Any CPU.ActiveCfg = Debug|Any CPU
		{89EECB37-8F3A-4629-8924-9D2960FF8A2C}.Debug|Any CPU.Build.0 = Debug|Any CPU
		{89EECB37-8F3A-4629-8924-9D2960FF8A2C}.Release|Any CPU.ActiveCfg = Release|Any CPU
		{89EECB37-8F3A-4629-8924-9D2960FF8A2C}.Release|Any CPU.Build.0 = Release|Any CPU
		{60DCCC5E-11B6-4412-9EA5-4EBA9CB24B59}.Debug|Any CPU.ActiveCfg = Debug|Any CPU
		{60DCCC5E-11B6-4412-9EA5-4EBA9CB24B59}.Debug|Any CPU.Build.0 = Debug|Any CPU
		{60DCCC5E-11B6-4412-9EA5-4EBA9CB24B59}.Release|Any CPU.ActiveCfg = Release|Any CPU
		{60DCCC5E-11B6-4412-9EA5-4EBA9CB24B59}.Release|Any CPU.Build.0 = Release|Any CPU
	EndGlobalSection
	GlobalSection(SolutionProperties) = preSolution
		HideSolutionNode = FALSE
	EndGlobalSection
	GlobalSection(ExtensibilityGlobals) = postSolution
		SolutionGuid = {C601121C-5C54-40C9-BF14-B5FC15134DAA}
	EndGlobalSection
EndGlobal
